{
  "name": "todolist-cerbos",
  "lockfileVersion": 3,
  "requires": true,
  "packages": {
    "": {
      "devDependencies": {
        "cerbos": "^0.35.1",
        "cerbosctl": "^0.35.1"
      }
    },
    "node_modules/@cerbos/cerbos-darwin-arm64": {
      "version": "0.35.1",
      "resolved": "https://registry.npmjs.org/@cerbos/cerbos-darwin-arm64/-/cerbos-darwin-arm64-0.35.1.tgz",
      "integrity": "sha512-i3ORMa5jqdIenu8880lJ9vgPY2acSlYRZTbc4bPL3GjFft1eQBurDsoENaCk4XqG9ZYTvq0l1/3IlTLsAyIcnw==",
      "cpu": [
        "arm64"
      ],
      "dev": true,
      "optional": true,
      "os": [
        "darwin"
      ]
    },
    "node_modules/@cerbos/cerbos-darwin-x64": {
      "version": "0.35.1",
      "resolved": "https://registry.npmjs.org/@cerbos/cerbos-darwin-x64/-/cerbos-darwin-x64-0.35.1.tgz",
      "integrity": "sha512-JX5kfqa3O1Pat5AkYBvB4CyrPGvcI+ctgk1xI1JJZh0XJzhxRBud/OFLP14QF+szIXR2IVL9khHXZJAH7PDKxA==",
      "cpu": [
        "x64"
      ],
      "dev": true,
      "optional": true,
      "os": [
        "darwin"
      ]
    },
    "node_modules/@cerbos/cerbos-linux-arm64": {
      "version": "0.35.1",
      "resolved": "https://registry.npmjs.org/@cerbos/cerbos-linux-arm64/-/cerbos-linux-arm64-0.35.1.tgz",
      "integrity": "sha512-lKS5VozdLR8ZMQXwUt9ND+aQcMoWVRlVFQP46ak9Eu4T0rikVCzSYvyMcqgpPtFzSDh+zTIzCm+uii6znx71IA==",
      "cpu": [
        "arm64"
      ],
      "dev": true,
      "optional": true,
      "os": [
        "linux"
      ]
    },
    "node_modules/@cerbos/cerbos-linux-x64": {
      "version": "0.35.1",
      "resolved": "https://registry.npmjs.org/@cerbos/cerbos-linux-x64/-/cerbos-linux-x64-0.35.1.tgz",
      "integrity": "sha512-NBDUM5eVlcX0T00gaXHE0WnX6CjxgzxocInpCjs0VLlf9/ENJmspvOvh1uUaEgxjwQZ9AVDf5Kqp3WEiN/zWgA==",
      "cpu": [
        "x64"
      ],
      "dev": true,
      "optional": true,
      "os": [
        "linux"
      ]
    },
    "node_modules/@cerbos/cerbosctl-darwin-arm64": {
      "version": "0.35.1",
      "resolved": "https://registry.npmjs.org/@cerbos/cerbosctl-darwin-arm64/-/cerbosctl-darwin-arm64-0.35.1.tgz",
      "integrity": "sha512-jU+sWuKGZ3Zu3bWDYyFZpPmd1Mf+t4lbdgzQequmKDpEsEUIMZqtEvJh8N24y8GLKqdyLaifuJ01ZpAri/Nmjg==",
      "cpu": [
        "arm64"
      ],
      "dev": true,
      "optional": true,
      "os": [
        "darwin"
      ]
    },
    "node_modules/@cerbos/cerbosctl-darwin-x64": {
      "version": "0.35.1",
      "resolved": "https://registry.npmjs.org/@cerbos/cerbosctl-darwin-x64/-/cerbosctl-darwin-x64-0.35.1.tgz",
      "integrity": "sha512-WiGuRz5oadMdgS9ybuHB1P5O4Skif6GFf9cLsz6XbvtVTrCHAe5dekZsDmwTkDIjdS60MzmrT/QJ1vgt9zmALg==",
      "cpu": [
        "x64"
      ],
      "dev": true,
      "optional": true,
      "os": [
        "darwin"
      ]
    },
    "node_modules/@cerbos/cerbosctl-linux-arm64": {
      "version": "0.35.1",
      "resolved": "https://registry.npmjs.org/@cerbos/cerbosctl-linux-arm64/-/cerbosctl-linux-arm64-0.35.1.tgz",
      "integrity": "sha512-AO1X06clQNLrGUoewONxXDQRp1rWn9Ok/g2JhfbO+Nls+pSvPxzvmfswMpyy85WyZl56Gg1JdBmwLsiMOoWa7g==",
      "cpu": [
        "arm64"
      ],
      "dev": true,
      "optional": true,
      "os": [
        "linux"
      ]
    },
    "node_modules/@cerbos/cerbosctl-linux-x64": {
      "version": "0.35.1",
      "resolved": "https://registry.npmjs.org/@cerbos/cerbosctl-linux-x64/-/cerbosctl-linux-x64-0.35.1.tgz",
      "integrity": "sha512-1VfQsXcofhAHAuWNf2ixWP9f0MhzXMAkTkBibrrsg8eNUL6K8nwgiPX69W9dXD9SBCG/5sIG5vc1G0bPYRRC2Q==",
      "cpu": [
        "x64"
      ],
      "dev": true,
      "optional": true,
      "os": [
        "linux"
      ]
    },
    "node_modules/cerbos": {
      "version": "0.35.1",
      "resolved": "https://registry.npmjs.org/cerbos/-/cerbos-0.35.1.tgz",
      "integrity": "sha512-q41zNRkxBqQCy+Smc37kxt6HgwHlXMijSj1wQUBS+z5njUtFV+OKbOJRByhETNAZl7zlSovZylCuFKTI9tUqQw==",
      "dev": true,
      "bin": {
        "cerbos": "index.js"
      },
      "optionalDependencies": {
        "@cerbos/cerbos-darwin-arm64": "0.35.1",
        "@cerbos/cerbos-darwin-x64": "0.35.1",
        "@cerbos/cerbos-linux-arm64": "0.35.1",
        "@cerbos/cerbos-linux-x64": "0.35.1"
      }
    },
    "node_modules/cerbosctl": {
      "version": "0.35.1",
      "resolved": "https://registry.npmjs.org/cerbosctl/-/cerbosctl-0.35.1.tgz",
      "integrity": "sha512-2xz32WpxPViMOu2gvryaRB79rVIWxU4GMucj6z0f6oWSGUirLpEkvuPEU0UNp/LCoUH6E4/Uby2xVCkjdjVGVQ==",
      "dev": true,
      "bin": {
        "cerbosctl": "index.js"
      },
      "optionalDependencies": {
        "@cerbos/cerbosctl-darwin-arm64": "0.35.1",
        "@cerbos/cerbosctl-darwin-x64": "0.35.1",
        "@cerbos/cerbosctl-linux-arm64": "0.35.1",
        "@cerbos/cerbosctl-linux-x64": "0.35.1"
      }
    }
  }
}
